Microsoft Visual Studio Solution File, Format Version 12.00
# Visual Studio Version 18
VisualStudioVersion = 18.0.11018.127 d18.0
MinimumVisualStudioVersion = 10.0.40219.1
Project("{FAE04EC0-301F-11D3-BF4B-00C04F79EFBC}") = "EffSln.DatabaseMigration", "src\EffSln.DatabaseMigration.csproj", "{64747010-45BE-1DC5-2BA9-0D105DC87F0E}"
EndProject
Global
	GlobalSection(SolutionConfigurationPlatforms) = preSolution
		Debug|Any CPU = Debug|Any CPU
		Release|Any CPU = Release|Any CPU
	EndGlobalSection
	GlobalSection(ProjectConfigurationPlatforms) = postSolution
		{64747010-45BE-1DC5-2BA9-0D105DC87F0E}.Debug|Any CPU.ActiveCfg = Debug|Any CPU
		{64747010-45BE-1DC5-2BA9-0D105DC87F0E}.Debug|Any CPU.Build.0 = Debug|Any CPU
		{64747010-45BE-1DC5-2BA9-0D105DC87F0E}.Release|Any CPU.ActiveCfg = Release|Any CPU
		{64747010-45BE-1DC5-2BA9-0D105DC87F0E}.Release|Any CPU.Build.0 = Release|Any CPU
	EndGlobalSection
	GlobalSection(SolutionProperties) = preSolution
		HideSolutionNode = FALSE
	EndGlobalSection
	GlobalSection(ExtensibilityGlobals) = postSolution
		SolutionGuid = {9CCAD40B-9493-44BA-A867-9BA6CF0D7259}
	EndGlobalSection
EndGlobal
